
Microsoft Visual Studio Solution File, Format Version 12.00
# Visual Studio 15
VisualStudioVersion = 15.0.28307.136
MinimumVisualStudioVersion = 10.0.40219.1
Project("{FAE04EC0-301F-11D3-BF4B-00C04F79EFBC}") = "Stats", "Stats.csproj", "{A251B7D3-6F61-4D2C-A379-4D4CC9E6D534}"
EndProject
Project("{FAE04EC0-301F-11D3-BF4B-00C04F79EFBC}") = "StatsEngine", "..\StatsEngine\StatsEngine.csproj", "{40423793-E3A1-4B29-9635-3E3C138B2FCE}"
EndProject
Global
	GlobalSection(SolutionConfigurationPlatforms) = preSolution
		Debug|Any CPU = Debug|Any CPU
		Release|Any CPU = Release|Any CPU
	EndGlobalSection
	GlobalSection(ProjectConfigurationPlatforms) = postSolution
		{A251B7D3-6F61-4D2C-A379-4D4CC9E6D534}.Debug|Any CPU.ActiveCfg = Debug|Any CPU
		{A251B7D3-6F61-4D2C-A379-4D4CC9E6D534}.Debug|Any CPU.Build.0 = Debug|Any CPU
		{A251B7D3-6F61-4D2C-A379-4D4CC9E6D534}.Release|Any CPU.ActiveCfg = Release|Any CPU
		{A251B7D3-6F61-4D2C-A379-4D4CC9E6D534}.Release|Any CPU.Build.0 = Release|Any CPU
		{40423793-E3A1-4B29-9635-3E3C138B2FCE}.Debug|Any CPU.ActiveCfg = Debug|Any CPU
		{40423793-E3A1-4B29-9635-3E3C138B2FCE}.Debug|Any CPU.Build.0 = Debug|Any CPU
		{40423793-E3A1-4B29-9635-3E3C138B2FCE}.Release|Any CPU.ActiveCfg = Release|Any CPU
		{40423793-E3A1-4B29-9635-3E3C138B2FCE}.Release|Any CPU.Build.0 = Release|Any CPU
	EndGlobalSection
	GlobalSection(SolutionProperties) = preSolution
		HideSolutionNode = FALSE
	EndGlobalSection
	GlobalSection(ExtensibilityGlobals) = postSolution
		SolutionGuid = {BD5DCD53-4441-4CD5-B1D8-6A68C1D69898}
	EndGlobalSection
EndGlobal
